{
  "name": "@thisisagile/easy-sample",
  "version": "0.1.0",
  "lockfileVersion": 1,
  "requires": true,
  "dependencies": {
    "@thisisagile/easy": {
      "version": "1.8.11",
      "resolved": "https://registry.npmjs.org/@thisisagile/easy/-/easy-1.8.11.tgz",
      "integrity": "sha512-f/WRv++gK1ksWlLMjk6w+1b/vRhm82X7iAEFWC01mKdtKv9Opoy4tDoAGJ27no0Ccu3OVW6lILnIT+EUTOYD5g==",
      "dev": true,
      "requires": {
        "reflect-metadata": "^0.1.13",
        "tsyringe": "^4.4.0",
        "uuid": "^8.3.1"
      }
    },
    "@thisisagile/easy-test": {
      "version": "1.2.4",
      "resolved": "https://registry.npmjs.org/@thisisagile/easy-test/-/easy-test-1.2.4.tgz",
      "integrity": "sha512-TkMPlJVx3NeaoAp515x4NCaExF/j3sjcyj5H76cm20YY9gqlBWrebImLJQ5QBW/zpKZBDpMCScTpxsY+QV9xfw==",
      "dev": true
    },
    "reflect-metadata": {
      "version": "0.1.13",
      "resolved": "https://registry.npmjs.org/reflect-metadata/-/reflect-metadata-0.1.13.tgz",
      "integrity": "sha512-Ts1Y/anZELhSsjMcU605fU9RE4Oi3p5ORujwbIKXfWa+0Zxs510Qrmrce5/Jowq3cHSZSJqBjypxmHarc+vEWg==",
      "dev": true
    },
    "tslib": {
      "version": "1.14.1",
      "resolved": "https://registry.npmjs.org/tslib/-/tslib-1.14.1.tgz",
      "integrity": "sha512-Xni35NKzjgMrwevysHTCArtLDpPvye8zV/0E4EyYn43P7/7qvQwPh9BGkHewbMulVntbigmcT7rdX3BNo9wRJg==",
      "dev": true
    },
    "tsyringe": {
      "version": "4.4.0",
      "resolved": "https://registry.npmjs.org/tsyringe/-/tsyringe-4.4.0.tgz",
      "integrity": "sha512-SlMApe1lhIq546CDp7bF+IdF4RB6d+9C5T7B0AS0P/Bm+Qpizj/gEmZzvw9J/KlXPEt4qHTbi1TRvX3rCPSdTg==",
      "dev": true,
      "requires": {
        "tslib": "^1.9.3"
      }
    },
    "typescript": {
      "version": "4.1.2",
      "resolved": "https://registry.npmjs.org/typescript/-/typescript-4.1.2.tgz",
      "integrity": "sha512-thGloWsGH3SOxv1SoY7QojKi0tc+8FnOmiarEGMbd/lar7QOEd3hvlx3Fp5y6FlDUGl9L+pd4n2e+oToGMmhRQ==",
      "dev": true
    },
    "uuid": {
      "version": "8.3.1",
      "resolved": "https://registry.npmjs.org/uuid/-/uuid-8.3.1.tgz",
      "integrity": "sha512-FOmRr+FmWEIG8uhZv6C2bTgEVXsHk08kE7mPlrBbEe+c3r9pjceVPgupIfNIhc4yx55H69OXANrUaSuu9eInKg==",
      "dev": true
    }
  }
}
